
Microsoft Visual Studio Solution File, Format Version 12.00
# Visual Studio 14
VisualStudioVersion = 14.0.24720.0
MinimumVisualStudioVersion = 10.0.40219.1
Project("{8BC9CEB8-8B4A-11D0-8D11-00A0C91BC942}") = "3D-STG", "3D-STG.vcxproj", "{083F8476-E2A2-4EE4-AE73-8C9C5EAC52A6}"
	ProjectSection(ProjectDependencies) = postProject
		{664E6F0D-6784-4760-9565-D54F8EB1EDF4} = {664E6F0D-6784-4760-9565-D54F8EB1EDF4}
		{45122E0F-31E0-2115-1A74-923B06E1FD79} = {45122E0F-31E0-2115-1A74-923B06E1FD79}
		{5691E159-2D9B-407F-971F-EA5C592DC524} = {5691E159-2D9B-407F-971F-EA5C592DC524}
		{B91153C5-259D-C089-2EAE-437E9AB81C8A} = {B91153C5-259D-C089-2EAE-437E9AB81C8A}
		{82CED9EA-B685-46AC-B998-C5ACB45C0D2C} = {82CED9EA-B685-46AC-B998-C5ACB45C0D2C}
	EndProjectSection
EndProject
Project("{2150E333-8FDC-42A3-9474-1A3956D46DE8}") = "ThirdParty", "ThirdParty", "{8BC199ED-CA8B-44C5-9875-EE921E2B7499}"
EndProject
Project("{8BC9CEB8-8B4A-11D0-8D11-00A0C91BC942}") = "glew_static", "ThirdParty\glew-1.10.0\glew_static.vcxproj", "{664E6F0D-6784-4760-9565-D54F8EB1EDF4}"
EndProject
Project("{8BC9CEB8-8B4A-11D0-8D11-00A0C91BC942}") = "assimp", "ThirdParty\assimp-3.0.1270\assimp.vcxproj", "{5691E159-2D9B-407F-971F-EA5C592DC524}"
EndProject
Project("{8BC9CEB8-8B4A-11D0-8D11-00A0C91BC942}") = "glfw", "ThirdParty\glfw-3.0.4\src\glfw.vcxproj", "{82CED9EA-B685-46AC-B998-C5ACB45C0D2C}"
EndProject
Project("{8BC9CEB8-8B4A-11D0-8D11-00A0C91BC942}") = "BulletCollision", "ThirdParty\bullet-2.82-r2704\build\vs2013\BulletCollision.vcxproj", "{B91153C5-259D-C089-2EAE-437E9AB81C8A}"
	ProjectSection(ProjectDependencies) = postProject
		{EAF25DFD-D6AA-9F4A-3FB2-78A62B893A3B} = {EAF25DFD-D6AA-9F4A-3FB2-78A62B893A3B}
	EndProjectSection
EndProject
Project("{8BC9CEB8-8B4A-11D0-8D11-00A0C91BC942}") = "BulletDynamics", "ThirdParty\bullet-2.82-r2704\build\vs2013\BulletDynamics.vcxproj", "{45122E0F-31E0-2115-1A74-923B06E1FD79}"
	ProjectSection(ProjectDependencies) = postProject
		{EAF25DFD-D6AA-9F4A-3FB2-78A62B893A3B} = {EAF25DFD-D6AA-9F4A-3FB2-78A62B893A3B}
	EndProjectSection
EndProject
Project("{2150E333-8FDC-42A3-9474-1A3956D46DE8}") = "Bullet Physics", "Bullet Physics", "{E18DFA42-61AD-4B5F-B523-72BAF42DA01B}"
EndProject
Project("{8BC9CEB8-8B4A-11D0-8D11-00A0C91BC942}") = "LinearMath", "ThirdParty\bullet-2.82-r2704\build\vs2013\LinearMath.vcxproj", "{EAF25DFD-D6AA-9F4A-3FB2-78A62B893A3B}"
EndProject
Global
	GlobalSection(SolutionConfigurationPlatforms) = preSolution
		Debug|Win32 = Debug|Win32
		Debug|x64 = Debug|x64
		Release|Win32 = Release|Win32
		Release|x64 = Release|x64
	EndGlobalSection
	GlobalSection(ProjectConfigurationPlatforms) = postSolution
		{083F8476-E2A2-4EE4-AE73-8C9C5EAC52A6}.Debug|Win32.ActiveCfg = Debug|Win32
		{083F8476-E2A2-4EE4-AE73-8C9C5EAC52A6}.Debug|Win32.Build.0 = Debug|Win32
		{083F8476-E2A2-4EE4-AE73-8C9C5EAC52A6}.Debug|x64.ActiveCfg = Debug|x64
		{083F8476-E2A2-4EE4-AE73-8C9C5EAC52A6}.Debug|x64.Build.0 = Debug|x64
		{083F8476-E2A2-4EE4-AE73-8C9C5EAC52A6}.Release|Win32.ActiveCfg = Release|Win32
		{083F8476-E2A2-4EE4-AE73-8C9C5EAC52A6}.Release|Win32.Build.0 = Release|Win32
		{083F8476-E2A2-4EE4-AE73-8C9C5EAC52A6}.Release|x64.ActiveCfg = Release|x64
		{083F8476-E2A2-4EE4-AE73-8C9C5EAC52A6}.Release|x64.Build.0 = Release|x64
		{664E6F0D-6784-4760-9565-D54F8EB1EDF4}.Debug|Win32.ActiveCfg = Debug|Win32
		{664E6F0D-6784-4760-9565-D54F8EB1EDF4}.Debug|Win32.Build.0 = Debug|Win32
		{664E6F0D-6784-4760-9565-D54F8EB1EDF4}.Debug|x64.ActiveCfg = Debug|x64
		{664E6F0D-6784-4760-9565-D54F8EB1EDF4}.Debug|x64.Build.0 = Debug|x64
		{664E6F0D-6784-4760-9565-D54F8EB1EDF4}.Release|Win32.ActiveCfg = Release|Win32
		{664E6F0D-6784-4760-9565-D54F8EB1EDF4}.Release|Win32.Build.0 = Release|Win32
		{664E6F0D-6784-4760-9565-D54F8EB1EDF4}.Release|x64.ActiveCfg = Release|x64
		{664E6F0D-6784-4760-9565-D54F8EB1EDF4}.Release|x64.Build.0 = Release|x64
		{5691E159-2D9B-407F-971F-EA5C592DC524}.Debug|Win32.ActiveCfg = debug|Win32
		{5691E159-2D9B-407F-971F-EA5C592DC524}.Debug|Win32.Build.0 = debug|Win32
		{5691E159-2D9B-407F-971F-EA5C592DC524}.Debug|x64.ActiveCfg = debug|x64
		{5691E159-2D9B-407F-971F-EA5C592DC524}.Debug|x64.Build.0 = debug|x64
		{5691E159-2D9B-407F-971F-EA5C592DC524}.Release|Win32.ActiveCfg = release|Win32
		{5691E159-2D9B-407F-971F-EA5C592DC524}.Release|Win32.Build.0 = release|Win32
		{5691E159-2D9B-407F-971F-EA5C592DC524}.Release|x64.ActiveCfg = release|x64
		{5691E159-2D9B-407F-971F-EA5C592DC524}.Release|x64.Build.0 = release|x64
		{82CED9EA-B685-46AC-B998-C5ACB45C0D2C}.Debug|Win32.ActiveCfg = Debug|Win32
		{82CED9EA-B685-46AC-B998-C5ACB45C0D2C}.Debug|Win32.Build.0 = Debug|Win32
		{82CED9EA-B685-46AC-B998-C5ACB45C0D2C}.Debug|x64.ActiveCfg = Debug|x64
		{82CED9EA-B685-46AC-B998-C5ACB45C0D2C}.Debug|x64.Build.0 = Debug|x64
		{82CED9EA-B685-46AC-B998-C5ACB45C0D2C}.Release|Win32.ActiveCfg = Release|Win32
		{82CED9EA-B685-46AC-B998-C5ACB45C0D2C}.Release|Win32.Build.0 = Release|Win32
		{82CED9EA-B685-46AC-B998-C5ACB45C0D2C}.Release|x64.ActiveCfg = Release|x64
		{82CED9EA-B685-46AC-B998-C5ACB45C0D2C}.Release|x64.Build.0 = Release|x64
		{B91153C5-259D-C089-2EAE-437E9AB81C8A}.Debug|Win32.ActiveCfg = Debug|Win32
		{B91153C5-259D-C089-2EAE-437E9AB81C8A}.Debug|Win32.Build.0 = Debug|Win32
		{B91153C5-259D-C089-2EAE-437E9AB81C8A}.Debug|x64.ActiveCfg = Debug|x64
		{B91153C5-259D-C089-2EAE-437E9AB81C8A}.Debug|x64.Build.0 = Debug|x64
		{B91153C5-259D-C089-2EAE-437E9AB81C8A}.Release|Win32.ActiveCfg = Release|Win32
		{B91153C5-259D-C089-2EAE-437E9AB81C8A}.Release|Win32.Build.0 = Release|Win32
		{B91153C5-259D-C089-2EAE-437E9AB81C8A}.Release|x64.ActiveCfg = Release|x64
		{B91153C5-259D-C089-2EAE-437E9AB81C8A}.Release|x64.Build.0 = Release|x64
		{45122E0F-31E0-2115-1A74-923B06E1FD79}.Debug|Win32.ActiveCfg = Debug|Win32
		{45122E0F-31E0-2115-1A74-923B06E1FD79}.Debug|Win32.Build.0 = Debug|Win32
		{45122E0F-31E0-2115-1A74-923B06E1FD79}.Debug|x64.ActiveCfg = Debug|x64
		{45122E0F-31E0-2115-1A74-923B06E1FD79}.Debug|x64.Build.0 = Debug|x64
		{45122E0F-31E0-2115-1A74-923B06E1FD79}.Release|Win32.ActiveCfg = Release|Win32
		{45122E0F-31E0-2115-1A74-923B06E1FD79}.Release|Win32.Build.0 = Release|Win32
		{45122E0F-31E0-2115-1A74-923B06E1FD79}.Release|x64.ActiveCfg = Release|x64
		{45122E0F-31E0-2115-1A74-923B06E1FD79}.Release|x64.Build.0 = Release|x64
		{EAF25DFD-D6AA-9F4A-3FB2-78A62B893A3B}.Debug|Win32.ActiveCfg = Debug|Win32
		{EAF25DFD-D6AA-9F4A-3FB2-78A62B893A3B}.Debug|Win32.Build.0 = Debug|Win32
		{EAF25DFD-D6AA-9F4A-3FB2-78A62B893A3B}.Debug|x64.ActiveCfg = Debug|x64
		{EAF25DFD-D6AA-9F4A-3FB2-78A62B893A3B}.Debug|x64.Build.0 = Debug|x64
		{EAF25DFD-D6AA-9F4A-3FB2-78A62B893A3B}.Release|Win32.ActiveCfg = Release|Win32
		{EAF25DFD-D6AA-9F4A-3FB2-78A62B893A3B}.Release|Win32.Build.0 = Release|Win32
		{EAF25DFD-D6AA-9F4A-3FB2-78A62B893A3B}.Release|x64.ActiveCfg = Release|x64
		{EAF25DFD-D6AA-9F4A-3FB2-78A62B893A3B}.Release|x64.Build.0 = Release|x64
	EndGlobalSection
	GlobalSection(SolutionProperties) = preSolution
		HideSolutionNode = FALSE
	EndGlobalSection
	GlobalSection(NestedProjects) = preSolution
		{664E6F0D-6784-4760-9565-D54F8EB1EDF4} = {8BC199ED-CA8B-44C5-9875-EE921E2B7499}
		{5691E159-2D9B-407F-971F-EA5C592DC524} = {8BC199ED-CA8B-44C5-9875-EE921E2B7499}
		{82CED9EA-B685-46AC-B998-C5ACB45C0D2C} = {8BC199ED-CA8B-44C5-9875-EE921E2B7499}
		{B91153C5-259D-C089-2EAE-437E9AB81C8A} = {E18DFA42-61AD-4B5F-B523-72BAF42DA01B}
		{45122E0F-31E0-2115-1A74-923B06E1FD79} = {E18DFA42-61AD-4B5F-B523-72BAF42DA01B}
		{E18DFA42-61AD-4B5F-B523-72BAF42DA01B} = {8BC199ED-CA8B-44C5-9875-EE921E2B7499}
		{EAF25DFD-D6AA-9F4A-3FB2-78A62B893A3B} = {E18DFA42-61AD-4B5F-B523-72BAF42DA01B}
	EndGlobalSection
EndGlobal
