<?xml version="1.0" encoding="utf-8"?>
<Project ToolsVersion="4.0" xmlns="http://schemas.microsoft.com/developer/msbuild/2003">
  <ItemGroup>
    <ClCompile Include="Source\main.cpp" />
    <ClCompile Include="Source\world\world.cpp">
      <Filter>world</Filter>
    </ClCompile>
    <ClCompile Include="Source\model\model.cpp">
      <Filter>model</Filter>
    </ClCompile>
    <ClCompile Include="Source\model\mesh.cpp">
      <Filter>model</Filter>
    </ClCompile>
    <ClCompile Include="Source\environment\environment.cpp">
      <Filter>environment</Filter>
    </ClCompile>
    <ClCompile Include="Source\utilities\ShaderManager\shadermanager.cpp">
      <Filter>utilities\shadermanager</Filter>
    </ClCompile>
    <ClCompile Include="Source\object_types\scriptableobject.cpp">
      <Filter>object_types</Filter>
    </ClCompile>
    <ClCompile Include="Source\object_types\scriptablephysicsobject.cpp">
      <Filter>object_types</Filter>
    </ClCompile>
    <ClCompile Include="Source\object_types\drawable.cpp">
      <Filter>object_types</Filter>
    </ClCompile>
    <ClCompile Include="Source\camera\camera.cpp">
      <Filter>camera</Filter>
    </ClCompile>
    <ClCompile Include="Source\enemies\basic.cpp">
      <Filter>enemies</Filter>
    </ClCompile>
    <ClCompile Include="Source\enemies\enemymanager.cpp">
      <Filter>enemies</Filter>
    </ClCompile>
    <ClCompile Include="Source\input_manager\input_manager.cpp">
      <Filter>input_manager</Filter>
    </ClCompile>
    <ClCompile Include="Source\ship\ship.cpp">
      <Filter>ship</Filter>
    </ClCompile>
    <ClCompile Include="Source\display_info\display_info.cpp">
      <Filter>display_info</Filter>
    </ClCompile>
    <ClCompile Include="Source\utilities\BulletDebugDrawer\bullet_debug_drawer.cpp">
      <Filter>utilities\bulletdebugdrawer</Filter>
    </ClCompile>
  </ItemGroup>
  <ItemGroup>
    <Filter Include="environment">
      <UniqueIdentifier>{71c978b9-b48e-4330-8e55-d2e02ecbf6b1}</UniqueIdentifier>
    </Filter>
    <Filter Include="enemies">
      <UniqueIdentifier>{2334ee23-6d6a-4118-bf17-5a4019a8669b}</UniqueIdentifier>
    </Filter>
    <Filter Include="include">
      <UniqueIdentifier>{60100b6c-5a4e-4fbe-95e6-7a0889c7861e}</UniqueIdentifier>
    </Filter>
    <Filter Include="world">
      <UniqueIdentifier>{46492a99-7153-49c0-8ff0-33b61525a2b6}</UniqueIdentifier>
    </Filter>
    <Filter Include="utilities">
      <UniqueIdentifier>{94bb01b2-1539-4149-a901-6183b39a1120}</UniqueIdentifier>
    </Filter>
    <Filter Include="model">
      <UniqueIdentifier>{f36c7451-ea31-4d30-8e9c-fe26ac5970e4}</UniqueIdentifier>
    </Filter>
    <Filter Include="shaders">
      <UniqueIdentifier>{4fa90262-c684-44b3-881c-f5eb573085cf}</UniqueIdentifier>
    </Filter>
    <Filter Include="utilities\shadermanager">
      <UniqueIdentifier>{bfede476-b57e-447a-babd-632c8fcf96f0}</UniqueIdentifier>
    </Filter>
    <Filter Include="object_types">
      <UniqueIdentifier>{0f98bf88-eafa-49b3-a62c-09fee296bff1}</UniqueIdentifier>
    </Filter>
    <Filter Include="camera">
      <UniqueIdentifier>{d4e596d1-51b0-4a34-b290-4b12692ab5e0}</UniqueIdentifier>
    </Filter>
    <Filter Include="input_manager">
      <UniqueIdentifier>{e1d8e9cd-915b-4ad9-b4bd-9df75180f41e}</UniqueIdentifier>
    </Filter>
    <Filter Include="utilities\bulletdebugdrawer">
      <UniqueIdentifier>{dbac5a9a-4ca3-454d-bb19-0395921cc431}</UniqueIdentifier>
    </Filter>
    <Filter Include="ship">
      <UniqueIdentifier>{f70b3bfe-a3a9-472a-b48e-c8419e21223a}</UniqueIdentifier>
    </Filter>
    <Filter Include="display_info">
      <UniqueIdentifier>{5c31286d-13cb-42ea-88db-761208fef280}</UniqueIdentifier>
    </Filter>
  </ItemGroup>
  <ItemGroup>
    <ClInclude Include="Source\include\oglplus.hpp">
      <Filter>include</Filter>
    </ClInclude>
    <ClInclude Include="Source\world\world.hpp">
      <Filter>world</Filter>
    </ClInclude>
    <ClInclude Include="Source\model\model.hpp">
      <Filter>model</Filter>
    </ClInclude>
    <ClInclude Include="Source\model\mesh.hpp">
      <Filter>model</Filter>
    </ClInclude>
    <ClInclude Include="Source\environment\environment.hpp">
      <Filter>environment</Filter>
    </ClInclude>
    <ClInclude Include="Source\utilities\ShaderManager\shadermanager.hpp">
      <Filter>utilities\shadermanager</Filter>
    </ClInclude>
    <ClInclude Include="Source\object_types\enemy.hpp">
      <Filter>object_types</Filter>
    </ClInclude>
    <ClInclude Include="Source\object_types\scriptablephysicsobject.hpp">
      <Filter>object_types</Filter>
    </ClInclude>
    <ClInclude Include="Source\object_types\scriptableobject.hpp">
      <Filter>object_types</Filter>
    </ClInclude>
    <ClInclude Include="Source\object_types\imodelrender.hpp">
      <Filter>object_types</Filter>
    </ClInclude>
    <ClInclude Include="Source\object_types\drawable.hpp">
      <Filter>object_types</Filter>
    </ClInclude>
    <ClInclude Include="Source\object_types\iupdatable.hpp">
      <Filter>object_types</Filter>
    </ClInclude>
    <ClInclude Include="Source\camera\camera.hpp">
      <Filter>camera</Filter>
    </ClInclude>
    <ClInclude Include="Source\input_manager\input_manager.hpp">
      <Filter>input_manager</Filter>
    </ClInclude>
    <ClInclude Include="Source\enemies\basic.hpp">
      <Filter>enemies</Filter>
    </ClInclude>
    <ClInclude Include="Source\enemies\enemymanager.hpp">
      <Filter>enemies</Filter>
    </ClInclude>
    <ClInclude Include="Source\ship\ship.hpp">
      <Filter>ship</Filter>
    </ClInclude>
    <ClInclude Include="Source\display_info\display_info.hpp">
      <Filter>display_info</Filter>
    </ClInclude>
    <ClInclude Include="Source\utilities\BulletDebugDrawer\bullet_debug_drawer.hpp">
      <Filter>utilities\bulletdebugdrawer</Filter>
    </ClInclude>
  </ItemGroup>
  <ItemGroup>
    <None Include="Resources\shaders\phong.frag">
      <Filter>shaders</Filter>
    </None>
    <None Include="Resources\shaders\3d.vert">
      <Filter>shaders</Filter>
    </None>
    <None Include="Resources\shaders\simple.frag">
      <Filter>shaders</Filter>
    </None>
  </ItemGroup>
</Project>